
Microsoft Visual Studio Solution File, Format Version 12.00
# Visual Studio Version 17
VisualStudioVersion = 17.4.33122.133
MinimumVisualStudioVersion = 10.0.40219.1
Project("{FAE04EC0-301F-11D3-BF4B-00C04F79EFBC}") = "UserService", "UserService\UserService.csproj", "{704B0EA2-D3B2-4FFE-BDA9-4E369C528B8E}"
EndProject
Project("{FAE04EC0-301F-11D3-BF4B-00C04F79EFBC}") = "APIGateway", "APIGateway\APIGateway.csproj", "{19012D4C-ECCD-4313-BB31-12ED68296A61}"
EndProject
Global
	GlobalSection(SolutionConfigurationPlatforms) = preSolution
		Debug|Any CPU = Debug|Any CPU
		Release|Any CPU = Release|Any CPU
	EndGlobalSection
	GlobalSection(ProjectConfigurationPlatforms) = postSolution
		{704B0EA2-D3B2-4FFE-BDA9-4E369C528B8E}.Debug|Any CPU.ActiveCfg = Debug|Any CPU
		{704B0EA2-D3B2-4FFE-BDA9-4E369C528B8E}.Debug|Any CPU.Build.0 = Debug|Any CPU
		{704B0EA2-D3B2-4FFE-BDA9-4E369C528B8E}.Release|Any CPU.ActiveCfg = Release|Any CPU
		{704B0EA2-D3B2-4FFE-BDA9-4E369C528B8E}.Release|Any CPU.Build.0 = Release|Any CPU
		{19012D4C-ECCD-4313-BB31-12ED68296A61}.Debug|Any CPU.ActiveCfg = Debug|Any CPU
		{19012D4C-ECCD-4313-BB31-12ED68296A61}.Debug|Any CPU.Build.0 = Debug|Any CPU
		{19012D4C-ECCD-4313-BB31-12ED68296A61}.Release|Any CPU.ActiveCfg = Release|Any CPU
		{19012D4C-ECCD-4313-BB31-12ED68296A61}.Release|Any CPU.Build.0 = Release|Any CPU
	EndGlobalSection
	GlobalSection(SolutionProperties) = preSolution
		HideSolutionNode = FALSE
	EndGlobalSection
	GlobalSection(ExtensibilityGlobals) = postSolution
		SolutionGuid = {45DE2F72-C48C-4982-91B4-5B5E66B1069C}
	EndGlobalSection
EndGlobal
